// !$*UTF8*$!
{
	archiveVersion = 1;
	classes = {
	};
	objectVersion = 46;
	objects = {

/* Begin PBXFileReference section */
		F286408E1C1058AD0001B441 /* SteerLite */ = {isa = PBXFileReference; lastKnownFileType = folder; name = SteerLite; path = ..; sourceTree = "<group>"; };
/* End PBXFileReference section */

/* Begin PBXGroup section */
		F28640871C1058960001B441 = {
			isa = PBXGroup;
			children = (
				F286408E1C1058AD0001B441 /* SteerLite */,
			);
			sourceTree = "<group>";
		};
/* End PBXGroup section */

/* Begin PBXProject section */
		F28640881C1058960001B441 /* Project object */ = {
			isa = PBXProject;
			attributes = {
				LastUpgradeCheck = 0710;
			};
			buildConfigurationList = F286408B1C1058960001B441 /* Build configuration list for PBXProject "Crowd Simulation" */;
			compatibilityVersion = "Xcode 3.2";
			developmentRegion = English;
			hasScannedForEncodings = 0;
			knownRegions = (
				en,
			);
			mainGroup = F28640871C1058960001B441;
			projectDirPath = "";
			projectRoot = "";
			targets = (
			);
		};
/* End PBXProject section */

/* Begin XCBuildConfiguration section */
		F286408C1C1058960001B441 /* Debug */ = {
			isa = XCBuildConfiguration;
			buildSettings = {
			};
			name = Debug;
		};
		F286408D1C1058960001B441 /* Release */ = {
			isa = XCBuildConfiguration;
			buildSettings = {
			};
			name = Release;
		};
/* End XCBuildConfiguration section */

/* Begin XCConfigurationList section */
		F286408B1C1058960001B441 /* Build configuration list for PBXProject "Crowd Simulation" */ = {
			isa = XCConfigurationList;
			buildConfigurations = (
				F286408C1C1058960001B441 /* Debug */,
				F286408D1C1058960001B441 /* Release */,
			);
			defaultConfigurationIsVisible = 0;
			defaultConfigurationName = Release;
		};
/* End XCConfigurationList section */
	};
	rootObject = F28640881C1058960001B441 /* Project object */;
}
