// !$*UTF8*$!
{
	archiveVersion = 1;
	classes = {
	};
	objectVersion = 46;
	objects = {

/* Begin PBXGroup section */
		F202F4D31C14F7DB00331390 = {
			isa = PBXGroup;
			children = (
			);
			sourceTree = "<group>";
		};
/* End PBXGroup section */

/* Begin PBXProject section */
		F202F4D41C14F7DB00331390 /* Project object */ = {
			isa = PBXProject;
			attributes = {
				LastUpgradeCheck = 0710;
			};
			buildConfigurationList = F202F4D71C14F7DB00331390 /* Build configuration list for PBXProject "CrowdSimulation" */;
			compatibilityVersion = "Xcode 3.2";
			developmentRegion = English;
			hasScannedForEncodings = 0;
			knownRegions = (
				en,
			);
			mainGroup = F202F4D31C14F7DB00331390;
			projectDirPath = "";
			projectRoot = "";
			targets = (
			);
		};
/* End PBXProject section */

/* Begin XCBuildConfiguration section */
		F202F4D81C14F7DB00331390 /* Debug */ = {
			isa = XCBuildConfiguration;
			buildSettings = {
			};
			name = Debug;
		};
		F202F4D91C14F7DB00331390 /* Release */ = {
			isa = XCBuildConfiguration;
			buildSettings = {
			};
			name = Release;
		};
/* End XCBuildConfiguration section */

/* Begin XCConfigurationList section */
		F202F4D71C14F7DB00331390 /* Build configuration list for PBXProject "CrowdSimulation" */ = {
			isa = XCConfigurationList;
			buildConfigurations = (
				F202F4D81C14F7DB00331390 /* Debug */,
				F202F4D91C14F7DB00331390 /* Release */,
			);
			defaultConfigurationIsVisible = 0;
			defaultConfigurationName = Release;
		};
/* End XCConfigurationList section */
	};
	rootObject = F202F4D41C14F7DB00331390 /* Project object */;
}
